
Microsoft Visual Studio Solution File, Format Version 12.00
# Visual Studio Version 17
VisualStudioVersion = 17.9.34701.34
MinimumVisualStudioVersion = 10.0.40219.1
Project("{FAE04EC0-301F-11D3-BF4B-00C04F79EFBC}") = "ScheduleAPI", "ScheduleAPI\ScheduleAPI.csproj", "{6BC684AE-7344-48D7-B6E1-F70B0C8AED49}"
EndProject
Project("{FAE04EC0-301F-11D3-BF4B-00C04F79EFBC}") = "ScheduleBLL", "ScheduleBLL\ScheduleBLL.csproj", "{F47E45EE-B4A9-463C-B5CD-DB2BE457710E}"
EndProject
Project("{FAE04EC0-301F-11D3-BF4B-00C04F79EFBC}") = "ScheduleDAL", "ScheduleDAL\ScheduleDAL.csproj", "{10FD005D-9260-4598-BE8D-CF32276CB0B2}"
EndProject
Project("{FAE04EC0-301F-11D3-BF4B-00C04F79EFBC}") = "ScheduleDomain", "ScheduleDomain\ScheduleDomain.csproj", "{917D3218-DA40-43EA-91D3-AB918E99B8F2}"
EndProject
Global
	GlobalSection(SolutionConfigurationPlatforms) = preSolution
		Debug|Any CPU = Debug|Any CPU
		Release|Any CPU = Release|Any CPU
	EndGlobalSection
	GlobalSection(ProjectConfigurationPlatforms) = postSolution
		{6BC684AE-7344-48D7-B6E1-F70B0C8AED49}.Debug|Any CPU.ActiveCfg = Debug|Any CPU
		{6BC684AE-7344-48D7-B6E1-F70B0C8AED49}.Debug|Any CPU.Build.0 = Debug|Any CPU
		{6BC684AE-7344-48D7-B6E1-F70B0C8AED49}.Release|Any CPU.ActiveCfg = Release|Any CPU
		{6BC684AE-7344-48D7-B6E1-F70B0C8AED49}.Release|Any CPU.Build.0 = Release|Any CPU
		{F47E45EE-B4A9-463C-B5CD-DB2BE457710E}.Debug|Any CPU.ActiveCfg = Debug|Any CPU
		{F47E45EE-B4A9-463C-B5CD-DB2BE457710E}.Debug|Any CPU.Build.0 = Debug|Any CPU
		{F47E45EE-B4A9-463C-B5CD-DB2BE457710E}.Release|Any CPU.ActiveCfg = Release|Any CPU
		{F47E45EE-B4A9-463C-B5CD-DB2BE457710E}.Release|Any CPU.Build.0 = Release|Any CPU
		{10FD005D-9260-4598-BE8D-CF32276CB0B2}.Debug|Any CPU.ActiveCfg = Debug|Any CPU
		{10FD005D-9260-4598-BE8D-CF32276CB0B2}.Debug|Any CPU.Build.0 = Debug|Any CPU
		{10FD005D-9260-4598-BE8D-CF32276CB0B2}.Release|Any CPU.ActiveCfg = Release|Any CPU
		{10FD005D-9260-4598-BE8D-CF32276CB0B2}.Release|Any CPU.Build.0 = Release|Any CPU
		{917D3218-DA40-43EA-91D3-AB918E99B8F2}.Debug|Any CPU.ActiveCfg = Debug|Any CPU
		{917D3218-DA40-43EA-91D3-AB918E99B8F2}.Debug|Any CPU.Build.0 = Debug|Any CPU
		{917D3218-DA40-43EA-91D3-AB918E99B8F2}.Release|Any CPU.ActiveCfg = Release|Any CPU
		{917D3218-DA40-43EA-91D3-AB918E99B8F2}.Release|Any CPU.Build.0 = Release|Any CPU
	EndGlobalSection
	GlobalSection(SolutionProperties) = preSolution
		HideSolutionNode = FALSE
	EndGlobalSection
	GlobalSection(ExtensibilityGlobals) = postSolution
		SolutionGuid = {AE2A7EA3-F22E-4F9C-85CE-19BC9ECE8113}
	EndGlobalSection
EndGlobal
